<?xml version="1.0" encoding="utf-8"?>
<Project ToolsVersion="4.0" xmlns="http://schemas.microsoft.com/developer/msbuild/2003">
  <ItemGroup>
    <Filter Include="源文件">
      <UniqueIdentifier>{4FC737F1-C7A5-4376-A066-2A32D752A2FF}</UniqueIdentifier>
      <Extensions>cpp;c;cc;cxx;def;odl;idl;hpj;bat;asm;asmx</Extensions>
    </Filter>
    <Filter Include="头文件">
      <UniqueIdentifier>{93995380-89BD-4b04-88EB-625FBE52EBFB}</UniqueIdentifier>
      <Extensions>h;hh;hpp;hxx;hm;inl;inc;xsd</Extensions>
    </Filter>
    <Filter Include="资源文件">
      <UniqueIdentifier>{67DA6AB6-F800-4c08-8B7A-83BB121AAD01}</UniqueIdentifier>
      <Extensions>rc;ico;cur;bmp;dlg;rc2;rct;bin;rgs;gif;jpg;jpeg;jpe;resx;tiff;tif;png;wav;mfcribbon-ms</Extensions>
    </Filter>
    <Filter Include="base">
      <UniqueIdentifier>{3468cdea-fba3-4ee1-a3fe-ac39568d0f5a}</UniqueIdentifier>
    </Filter>
    <Filter Include="third_party">
      <UniqueIdentifier>{3e51eab1-21df-431a-907e-1fca53313588}</UniqueIdentifier>
    </Filter>
    <Filter Include="third_party\glad">
      <UniqueIdentifier>{0d0662f0-006e-49de-81f7-479031de4120}</UniqueIdentifier>
    </Filter>
    <Filter Include="third_party\glad\src">
      <UniqueIdentifier>{d829df09-3b52-409d-b85a-b7ba0e5f10c4}</UniqueIdentifier>
    </Filter>
  </ItemGroup>
  <ItemGroup>
    <ClCompile Include="..\base\assimp_driver.cpp">
      <Filter>base</Filter>
    </ClCompile>
    <ClCompile Include="..\base\camera.cpp">
      <Filter>base</Filter>
    </ClCompile>
    <ClCompile Include="..\base\cube.cpp">
      <Filter>base</Filter>
    </ClCompile>
    <ClCompile Include="..\base\framebuffer.cpp">
      <Filter>base</Filter>
    </ClCompile>
    <ClCompile Include="..\base\geometry_node.cpp">
      <Filter>base</Filter>
    </ClCompile>
    <ClCompile Include="..\base\line_node.cpp">
      <Filter>base</Filter>
    </ClCompile>
    <ClCompile Include="..\base\mesh_node.cpp">
      <Filter>base</Filter>
    </ClCompile>
    <ClCompile Include="..\base\node.cpp">
      <Filter>base</Filter>
    </ClCompile>
    <ClCompile Include="..\base\node_state.cpp">
      <Filter>base</Filter>
    </ClCompile>
    <ClCompile Include="..\base\point_sprite.cpp">
      <Filter>base</Filter>
    </ClCompile>
    <ClCompile Include="..\base\rectangle_node.cpp">
      <Filter>base</Filter>
    </ClCompile>
    <ClCompile Include="..\base\shader.cpp">
      <Filter>base</Filter>
    </ClCompile>
    <ClCompile Include="..\base\stb_image_impl.cpp">
      <Filter>base</Filter>
    </ClCompile>
    <ClCompile Include="..\base\system_env.cpp">
      <Filter>base</Filter>
    </ClCompile>
    <ClCompile Include="..\base\texture_loader.cpp">
      <Filter>base</Filter>
    </ClCompile>
    <ClCompile Include="..\base\texture_style.cpp">
      <Filter>base</Filter>
    </ClCompile>
    <ClCompile Include="..\base\viewer.cpp">
      <Filter>base</Filter>
    </ClCompile>
    <ClCompile Include="..\..\third_party\glad\src\glad.c">
      <Filter>third_party\glad\src</Filter>
    </ClCompile>
    <ClCompile Include="main.cpp">
      <Filter>源文件</Filter>
    </ClCompile>
    <ClCompile Include="animation_node.cpp">
      <Filter>源文件</Filter>
    </ClCompile>
  </ItemGroup>
  <ItemGroup>
    <ClInclude Include="..\base\assimp_driver.h">
      <Filter>base</Filter>
    </ClInclude>
    <ClInclude Include="..\base\camera.h">
      <Filter>base</Filter>
    </ClInclude>
    <ClInclude Include="..\base\cube.h">
      <Filter>base</Filter>
    </ClInclude>
    <ClInclude Include="..\base\framebuffer.h">
      <Filter>base</Filter>
    </ClInclude>
    <ClInclude Include="..\base\geometry_node.h">
      <Filter>base</Filter>
    </ClInclude>
    <ClInclude Include="..\base\line_node.h">
      <Filter>base</Filter>
    </ClInclude>
    <ClInclude Include="..\base\mesh_node.h">
      <Filter>base</Filter>
    </ClInclude>
    <ClInclude Include="..\base\node.h">
      <Filter>base</Filter>
    </ClInclude>
    <ClInclude Include="..\base\node_state.h">
      <Filter>base</Filter>
    </ClInclude>
    <ClInclude Include="..\base\point_sprite.h">
      <Filter>base</Filter>
    </ClInclude>
    <ClInclude Include="..\base\rectangle_node.h">
      <Filter>base</Filter>
    </ClInclude>
    <ClInclude Include="..\base\shader.h">
      <Filter>base</Filter>
    </ClInclude>
    <ClInclude Include="..\base\system_env.h">
      <Filter>base</Filter>
    </ClInclude>
    <ClInclude Include="..\base\texture_loader.h">
      <Filter>base</Filter>
    </ClInclude>
    <ClInclude Include="..\base\texture_style.h">
      <Filter>base</Filter>
    </ClInclude>
    <ClInclude Include="..\base\viewer.h">
      <Filter>base</Filter>
    </ClInclude>
    <ClInclude Include="animation_node.h">
      <Filter>头文件</Filter>
    </ClInclude>
  </ItemGroup>
</Project>