<?xml version="1.0" encoding="utf-8"?>
<Project ToolsVersion="4.0" xmlns="http://schemas.microsoft.com/developer/msbuild/2003">
  <ItemGroup>
    <Filter Include="源文件">
      <UniqueIdentifier>{4FC737F1-C7A5-4376-A066-2A32D752A2FF}</UniqueIdentifier>
      <Extensions>cpp;c;cc;cxx;def;odl;idl;hpj;bat;asm;asmx</Extensions>
    </Filter>
    <Filter Include="头文件">
      <UniqueIdentifier>{93995380-89BD-4b04-88EB-625FBE52EBFB}</UniqueIdentifier>
      <Extensions>h;hh;hpp;hxx;hm;inl;inc;xsd</Extensions>
    </Filter>
    <Filter Include="资源文件">
      <UniqueIdentifier>{67DA6AB6-F800-4c08-8B7A-83BB121AAD01}</UniqueIdentifier>
      <Extensions>rc;ico;cur;bmp;dlg;rc2;rct;bin;rgs;gif;jpg;jpeg;jpe;resx;tiff;tif;png;wav;mfcribbon-ms</Extensions>
    </Filter>
    <Filter Include="base">
      <UniqueIdentifier>{ef09c29d-fdb1-49ec-b5eb-a5410f92bd91}</UniqueIdentifier>
    </Filter>
    <Filter Include="third_party">
      <UniqueIdentifier>{8ae5039a-fa10-40b9-a62c-1d262a9c41c9}</UniqueIdentifier>
    </Filter>
    <Filter Include="third_party\glad">
      <UniqueIdentifier>{dbb3b852-09d7-4846-a8dc-e77cc42dff17}</UniqueIdentifier>
    </Filter>
    <Filter Include="third_party\glad\src">
      <UniqueIdentifier>{c30377a7-fb2b-420f-907a-3b875fadb014}</UniqueIdentifier>
    </Filter>
    <Filter Include="base\entity">
      <UniqueIdentifier>{156911e5-4575-47fc-a7f3-c81338b64270}</UniqueIdentifier>
    </Filter>
  </ItemGroup>
  <ItemGroup>
    <ClCompile Include="main.cpp">
      <Filter>源文件</Filter>
    </ClCompile>
    <ClCompile Include="..\base\camera.cpp">
      <Filter>base</Filter>
    </ClCompile>
    <ClCompile Include="..\base\framebuffer.cpp">
      <Filter>base</Filter>
    </ClCompile>
    <ClCompile Include="..\base\node.cpp">
      <Filter>base</Filter>
    </ClCompile>
    <ClCompile Include="..\base\rectangle_node.cpp">
      <Filter>base</Filter>
    </ClCompile>
    <ClCompile Include="..\base\shader.cpp">
      <Filter>base</Filter>
    </ClCompile>
    <ClCompile Include="..\base\stb_image_impl.cpp">
      <Filter>base</Filter>
    </ClCompile>
    <ClCompile Include="..\base\system_env.cpp">
      <Filter>base</Filter>
    </ClCompile>
    <ClCompile Include="..\base\texture_loader.cpp">
      <Filter>base</Filter>
    </ClCompile>
    <ClCompile Include="..\..\third_party\glad\src\glad.c">
      <Filter>third_party\glad\src</Filter>
    </ClCompile>
    <ClCompile Include="coordinate_systems_node.cpp">
      <Filter>源文件</Filter>
    </ClCompile>
    <ClCompile Include="..\base\entity\cube.cpp">
      <Filter>base\entity</Filter>
    </ClCompile>
    <ClCompile Include="..\base\geometry_node.cpp">
      <Filter>base</Filter>
    </ClCompile>
    <ClCompile Include="..\base\node_state.cpp">
      <Filter>base</Filter>
    </ClCompile>
  </ItemGroup>
  <ItemGroup>
    <ClInclude Include="..\base\camera.h">
      <Filter>base</Filter>
    </ClInclude>
    <ClInclude Include="..\base\framebuffer.h">
      <Filter>base</Filter>
    </ClInclude>
    <ClInclude Include="..\base\node.h">
      <Filter>base</Filter>
    </ClInclude>
    <ClInclude Include="..\base\rectangle_node.h">
      <Filter>base</Filter>
    </ClInclude>
    <ClInclude Include="..\base\shader.h">
      <Filter>base</Filter>
    </ClInclude>
    <ClInclude Include="..\base\system_env.h">
      <Filter>base</Filter>
    </ClInclude>
    <ClInclude Include="..\base\texture_loader.h">
      <Filter>base</Filter>
    </ClInclude>
    <ClInclude Include="coordinate_systems_node.h">
      <Filter>头文件</Filter>
    </ClInclude>
    <ClInclude Include="..\base\entity\cube.h">
      <Filter>base\entity</Filter>
    </ClInclude>
    <ClInclude Include="..\base\geometry_node.h">
      <Filter>base</Filter>
    </ClInclude>
    <ClInclude Include="..\base\node_state.h">
      <Filter>base</Filter>
    </ClInclude>
  </ItemGroup>
</Project>