<?xml version="1.0" encoding="utf-8"?>
<Project ToolsVersion="4.0" xmlns="http://schemas.microsoft.com/developer/msbuild/2003">
  <ItemGroup>
    <Filter Include="源文件">
      <UniqueIdentifier>{4FC737F1-C7A5-4376-A066-2A32D752A2FF}</UniqueIdentifier>
      <Extensions>cpp;c;cc;cxx;def;odl;idl;hpj;bat;asm;asmx</Extensions>
    </Filter>
    <Filter Include="头文件">
      <UniqueIdentifier>{93995380-89BD-4b04-88EB-625FBE52EBFB}</UniqueIdentifier>
      <Extensions>h;hh;hpp;hxx;hm;inl;inc;xsd</Extensions>
    </Filter>
    <Filter Include="资源文件">
      <UniqueIdentifier>{67DA6AB6-F800-4c08-8B7A-83BB121AAD01}</UniqueIdentifier>
      <Extensions>rc;ico;cur;bmp;dlg;rc2;rct;bin;rgs;gif;jpg;jpeg;jpe;resx;tiff;tif;png;wav;mfcribbon-ms</Extensions>
    </Filter>
    <Filter Include="base">
      <UniqueIdentifier>{6331d828-9f6a-4b5b-913f-362c77010c1c}</UniqueIdentifier>
    </Filter>
    <Filter Include="third_party">
      <UniqueIdentifier>{4567a788-cab0-48a0-bc32-98c92df962cd}</UniqueIdentifier>
    </Filter>
    <Filter Include="third_party\glad">
      <UniqueIdentifier>{312d0d8e-633f-4481-9193-53c1e17064e7}</UniqueIdentifier>
    </Filter>
    <Filter Include="third_party\glad\src">
      <UniqueIdentifier>{ef02a364-aa9f-41e3-a21b-4f5fb9c206f2}</UniqueIdentifier>
    </Filter>
  </ItemGroup>
  <ItemGroup>
    <ClCompile Include="main.cpp">
      <Filter>资源文件</Filter>
    </ClCompile>
    <ClCompile Include="..\base\geometry_node.cpp">
      <Filter>base</Filter>
    </ClCompile>
    <ClCompile Include="..\base\assimp_driver.cpp">
      <Filter>base</Filter>
    </ClCompile>
    <ClCompile Include="..\base\cube.cpp">
      <Filter>base</Filter>
    </ClCompile>
    <ClCompile Include="..\base\shader.cpp">
      <Filter>base</Filter>
    </ClCompile>
    <ClCompile Include="..\base\mesh_node.cpp">
      <Filter>base</Filter>
    </ClCompile>
    <ClCompile Include="..\base\camera.cpp">
      <Filter>base</Filter>
    </ClCompile>
    <ClCompile Include="..\base\rectangle_node.cpp">
      <Filter>base</Filter>
    </ClCompile>
    <ClCompile Include="..\base\node.cpp">
      <Filter>base</Filter>
    </ClCompile>
    <ClCompile Include="..\base\framebuffer.cpp">
      <Filter>base</Filter>
    </ClCompile>
    <ClCompile Include="..\base\line_node.cpp">
      <Filter>base</Filter>
    </ClCompile>
    <ClCompile Include="..\base\texture_loader.cpp">
      <Filter>base</Filter>
    </ClCompile>
    <ClCompile Include="..\base\system_env.cpp">
      <Filter>base</Filter>
    </ClCompile>
    <ClCompile Include="..\base\stb_image_impl.cpp">
      <Filter>base</Filter>
    </ClCompile>
    <ClCompile Include="..\..\third_party\glad\src\glad.c">
      <Filter>third_party\glad\src</Filter>
    </ClCompile>
    <ClCompile Include="lighting_maps_node.cpp">
      <Filter>源文件</Filter>
    </ClCompile>
    <ClCompile Include="..\base\node_state.cpp">
      <Filter>base</Filter>
    </ClCompile>
  </ItemGroup>
  <ItemGroup>
    <ClInclude Include="..\base\framebuffer.h">
      <Filter>base</Filter>
    </ClInclude>
    <ClInclude Include="..\base\geometry_node.h">
      <Filter>base</Filter>
    </ClInclude>
    <ClInclude Include="..\base\node.h">
      <Filter>base</Filter>
    </ClInclude>
    <ClInclude Include="..\base\camera.h">
      <Filter>base</Filter>
    </ClInclude>
    <ClInclude Include="..\base\shader.h">
      <Filter>base</Filter>
    </ClInclude>
    <ClInclude Include="..\base\assimp_driver.h">
      <Filter>base</Filter>
    </ClInclude>
    <ClInclude Include="..\base\mesh_node.h">
      <Filter>base</Filter>
    </ClInclude>
    <ClInclude Include="..\base\line_node.h">
      <Filter>base</Filter>
    </ClInclude>
    <ClInclude Include="..\base\rectangle_node.h">
      <Filter>base</Filter>
    </ClInclude>
    <ClInclude Include="..\base\cube.h">
      <Filter>base</Filter>
    </ClInclude>
    <ClInclude Include="..\base\system_env.h">
      <Filter>base</Filter>
    </ClInclude>
    <ClInclude Include="..\base\texture_loader.h">
      <Filter>base</Filter>
    </ClInclude>
    <ClInclude Include="lighting_maps_node.h">
      <Filter>头文件</Filter>
    </ClInclude>
    <ClInclude Include="..\base\node_state.h">
      <Filter>base</Filter>
    </ClInclude>
  </ItemGroup>
</Project>